
Microsoft Visual Studio Solution File, Format Version 12.00
# Visual Studio Version 17
VisualStudioVersion = 17.7.34024.191
MinimumVisualStudioVersion = 10.0.40219.1
Project("{FAE04EC0-301F-11D3-BF4B-00C04F79EFBC}") = "Encuestas anónimas", "Encuestas anónimas\Encuestas anónimas.csproj", "{26D0EA4D-89D2-45EC-B148-3CA5D690B095}"
EndProject
Global
	GlobalSection(SolutionConfigurationPlatforms) = preSolution
		Debug|Any CPU = Debug|Any CPU
		Release|Any CPU = Release|Any CPU
	EndGlobalSection
	GlobalSection(ProjectConfigurationPlatforms) = postSolution
		{26D0EA4D-89D2-45EC-B148-3CA5D690B095}.Debug|Any CPU.ActiveCfg = Debug|Any CPU
		{26D0EA4D-89D2-45EC-B148-3CA5D690B095}.Debug|Any CPU.Build.0 = Debug|Any CPU
		{26D0EA4D-89D2-45EC-B148-3CA5D690B095}.Release|Any CPU.ActiveCfg = Release|Any CPU
		{26D0EA4D-89D2-45EC-B148-3CA5D690B095}.Release|Any CPU.Build.0 = Release|Any CPU
	EndGlobalSection
	GlobalSection(SolutionProperties) = preSolution
		HideSolutionNode = FALSE
	EndGlobalSection
	GlobalSection(ExtensibilityGlobals) = postSolution
		SolutionGuid = {48620702-9B14-4944-AAA6-341B76779702}
	EndGlobalSection
EndGlobal
